
Microsoft Visual Studio Solution File, Format Version 12.00
# Visual Studio 14
VisualStudioVersion = 14.0.25420.1
MinimumVisualStudioVersion = 10.0.40219.1
Project("{FAE04EC0-301F-11D3-BF4B-00C04F79EFBC}") = "Infra.Wpf", "Infra.Wpf\Infra.Wpf.csproj", "{DBEE0F13-A22C-43BA-A0A7-9962531770A9}"
EndProject
Project("{FAE04EC0-301F-11D3-BF4B-00C04F79EFBC}") = "DataAccess", "DataAccess\DataAccess.csproj", "{943438F9-7679-4B11-B751-B7C79B26310B}"
EndProject
Project("{FAE04EC0-301F-11D3-BF4B-00C04F79EFBC}") = "TestControls", "TestControls\TestControls.csproj", "{70ED4865-1D57-4A9E-8042-94B72E53B3C7}"
EndProject
Global
	GlobalSection(SolutionConfigurationPlatforms) = preSolution
		Debug|Any CPU = Debug|Any CPU
		Release|Any CPU = Release|Any CPU
	EndGlobalSection
	GlobalSection(ProjectConfigurationPlatforms) = postSolution
		{DBEE0F13-A22C-43BA-A0A7-9962531770A9}.Debug|Any CPU.ActiveCfg = Debug|Any CPU
		{DBEE0F13-A22C-43BA-A0A7-9962531770A9}.Debug|Any CPU.Build.0 = Debug|Any CPU
		{DBEE0F13-A22C-43BA-A0A7-9962531770A9}.Release|Any CPU.ActiveCfg = Release|Any CPU
		{DBEE0F13-A22C-43BA-A0A7-9962531770A9}.Release|Any CPU.Build.0 = Release|Any CPU
		{943438F9-7679-4B11-B751-B7C79B26310B}.Debug|Any CPU.ActiveCfg = Debug|Any CPU
		{943438F9-7679-4B11-B751-B7C79B26310B}.Debug|Any CPU.Build.0 = Debug|Any CPU
		{943438F9-7679-4B11-B751-B7C79B26310B}.Release|Any CPU.ActiveCfg = Release|Any CPU
		{943438F9-7679-4B11-B751-B7C79B26310B}.Release|Any CPU.Build.0 = Release|Any CPU
		{70ED4865-1D57-4A9E-8042-94B72E53B3C7}.Debug|Any CPU.ActiveCfg = Debug|Any CPU
		{70ED4865-1D57-4A9E-8042-94B72E53B3C7}.Debug|Any CPU.Build.0 = Debug|Any CPU
		{70ED4865-1D57-4A9E-8042-94B72E53B3C7}.Release|Any CPU.ActiveCfg = Release|Any CPU
		{70ED4865-1D57-4A9E-8042-94B72E53B3C7}.Release|Any CPU.Build.0 = Release|Any CPU
	EndGlobalSection
	GlobalSection(SolutionProperties) = preSolution
		HideSolutionNode = FALSE
	EndGlobalSection
EndGlobal
